
Microsoft Visual Studio Solution File, Format Version 12.00
# Visual Studio 15
VisualStudioVersion = 15.0.28010.2048
MinimumVisualStudioVersion = 10.0.40219.1
Project("{FAE04EC0-301F-11D3-BF4B-00C04F79EFBC}") = "GuessTheNumber", "GuessTheNumber\GuessTheNumber.csproj", "{D6712F55-C8EF-4531-82DB-C97DFE275817}"
EndProject
Global
	GlobalSection(SolutionConfigurationPlatforms) = preSolution
		Debug|Any CPU = Debug|Any CPU
		Release|Any CPU = Release|Any CPU
	EndGlobalSection
	GlobalSection(ProjectConfigurationPlatforms) = postSolution
		{D6712F55-C8EF-4531-82DB-C97DFE275817}.Debug|Any CPU.ActiveCfg = Debug|Any CPU
		{D6712F55-C8EF-4531-82DB-C97DFE275817}.Debug|Any CPU.Build.0 = Debug|Any CPU
		{D6712F55-C8EF-4531-82DB-C97DFE275817}.Release|Any CPU.ActiveCfg = Release|Any CPU
		{D6712F55-C8EF-4531-82DB-C97DFE275817}.Release|Any CPU.Build.0 = Release|Any CPU
	EndGlobalSection
	GlobalSection(SolutionProperties) = preSolution
		HideSolutionNode = FALSE
	EndGlobalSection
	GlobalSection(ExtensibilityGlobals) = postSolution
		SolutionGuid = {4238F6E8-1525-48FC-AADE-AE7FAC430B72}
	EndGlobalSection
EndGlobal
